
Microsoft Visual Studio Solution File, Format Version 12.00
# Visual Studio 2012
Project("{8BC9CEB8-8B4A-11D0-8D11-00A0C91BC942}") = "KiteSimulationSystem", "KiteSimulationSystem\KiteSimulationSystem.vcxproj", "{CB039FA3-AD5B-4416-9BB5-E7D580CE9EBD}"
EndProject
Global
	GlobalSection(SolutionConfigurationPlatforms) = preSolution
		Debug|Win32 = Debug|Win32
		Release|Win32 = Release|Win32
	EndGlobalSection
	GlobalSection(ProjectConfigurationPlatforms) = postSolution
		{CB039FA3-AD5B-4416-9BB5-E7D580CE9EBD}.Debug|Win32.ActiveCfg = Debug|Win32
		{CB039FA3-AD5B-4416-9BB5-E7D580CE9EBD}.Debug|Win32.Build.0 = Debug|Win32
		{CB039FA3-AD5B-4416-9BB5-E7D580CE9EBD}.Release|Win32.ActiveCfg = Release|Win32
		{CB039FA3-AD5B-4416-9BB5-E7D580CE9EBD}.Release|Win32.Build.0 = Release|Win32
	EndGlobalSection
	GlobalSection(SolutionProperties) = preSolution
		HideSolutionNode = FALSE
	EndGlobalSection
EndGlobal
