
Microsoft Visual Studio Solution File, Format Version 12.00
# Visual Studio 2012
Project("{8BC9CEB8-8B4A-11D0-8D11-00A0C91BC942}") = "sph_demo", "sph_demo\sph_demo.vcxproj", "{5FC3F295-D576-4477-975C-0D9C082EA441}"
EndProject
Global
	GlobalSection(SolutionConfigurationPlatforms) = preSolution
		Debug|Win32 = Debug|Win32
		Release|Win32 = Release|Win32
	EndGlobalSection
	GlobalSection(ProjectConfigurationPlatforms) = postSolution
		{5FC3F295-D576-4477-975C-0D9C082EA441}.Debug|Win32.ActiveCfg = Debug|Win32
		{5FC3F295-D576-4477-975C-0D9C082EA441}.Debug|Win32.Build.0 = Debug|Win32
		{5FC3F295-D576-4477-975C-0D9C082EA441}.Release|Win32.ActiveCfg = Release|Win32
		{5FC3F295-D576-4477-975C-0D9C082EA441}.Release|Win32.Build.0 = Release|Win32
	EndGlobalSection
	GlobalSection(SolutionProperties) = preSolution
		HideSolutionNode = FALSE
	EndGlobalSection
EndGlobal
