<?xml version="1.0" encoding="utf-8"?>
<Project ToolsVersion="4.0" xmlns="http://schemas.microsoft.com/developer/msbuild/2003">
  <ItemGroup>
    <Filter Include="Header Files">
      <UniqueIdentifier>{93995380-89BD-4b04-88EB-625FBE52EBFB}</UniqueIdentifier>
      <Extensions>h;hpp;hxx;hm;inl;inc;xsd</Extensions>
    </Filter>
    <Filter Include="Trackball Files">
      <UniqueIdentifier>{77295328-8a36-4edc-8291-0bf1925b9cd8}</UniqueIdentifier>
    </Filter>
    <Filter Include="GL Files">
      <UniqueIdentifier>{f91a4bc3-baa2-420d-9c26-578835bad580}</UniqueIdentifier>
    </Filter>
    <Filter Include="Heart Files">
      <UniqueIdentifier>{28a40007-90da-4af2-8173-01e61dea09c9}</UniqueIdentifier>
    </Filter>
  </ItemGroup>
  <ItemGroup>
    <ClCompile Include="..\..\..\..\common\shared\inc\rx_trackball.cpp">
      <Filter>Trackball Files</Filter>
    </ClCompile>
    <ClCompile Include="glmain.cpp">
      <Filter>GL Files</Filter>
    </ClCompile>
  </ItemGroup>
  <ItemGroup>
    <ClInclude Include="..\..\..\..\common\shared\inc\rx_trackball.h">
      <Filter>Trackball Files</Filter>
    </ClInclude>
    <ClInclude Include="heart.h">
      <Filter>Heart Files</Filter>
    </ClInclude>
  </ItemGroup>
</Project>