<?xml version="1.0" encoding="utf-8"?>
<Project ToolsVersion="4.0" xmlns="http://schemas.microsoft.com/developer/msbuild/2003">
  <ItemGroup>
    <Filter Include="Header Files">
      <UniqueIdentifier>{93995380-89BD-4b04-88EB-625FBE52EBFB}</UniqueIdentifier>
      <Extensions>h;hpp;hxx;hm;inl;inc;xsd</Extensions>
    </Filter>
    <Filter Include="Tool Files">
      <UniqueIdentifier>{4FC737F1-C7A5-4376-A066-2A32D752A2FF}</UniqueIdentifier>
      <Extensions>cpp;c;cc;cxx;def;odl;idl;hpj;bat;asm;asmx</Extensions>
    </Filter>
    <Filter Include="SPH Files">
      <UniqueIdentifier>{67DA6AB6-F800-4c08-8B7A-83BB121AAD01}</UniqueIdentifier>
      <Extensions>rc;ico;cur;bmp;dlg;rc2;rct;bin;rgs;gif;jpg;jpeg;jpe;resx;tiff;tif;png;wav;mfcribbon-ms</Extensions>
    </Filter>
    <Filter Include="GL Files">
      <UniqueIdentifier>{d02c0f26-136d-47e8-8077-5aa8d06a79ca}</UniqueIdentifier>
    </Filter>
  </ItemGroup>
  <ItemGroup>
    <ClInclude Include="sph_type.h">
      <Filter>Tool Files</Filter>
    </ClInclude>
    <ClInclude Include="sph_timer.h">
      <Filter>Tool Files</Filter>
    </ClInclude>
    <ClInclude Include="sph_header.h">
      <Filter>Header Files</Filter>
    </ClInclude>
    <ClInclude Include="sph_data.h">
      <Filter>Header Files</Filter>
    </ClInclude>
    <ClInclude Include="sph_system.h">
      <Filter>SPH Files</Filter>
    </ClInclude>
  </ItemGroup>
  <ItemGroup>
    <ClCompile Include="sph_timer.cpp">
      <Filter>Tool Files</Filter>
    </ClCompile>
    <ClCompile Include="sph_system.cpp">
      <Filter>SPH Files</Filter>
    </ClCompile>
    <ClCompile Include="glmain.cpp">
      <Filter>GL Files</Filter>
    </ClCompile>
  </ItemGroup>
</Project>