<?xml version="1.0" encoding="utf-8"?>
<Project ToolsVersion="4.0" xmlns="http://schemas.microsoft.com/developer/msbuild/2003">
  <ItemGroup>
    <Filter Include="GL FIles">
      <UniqueIdentifier>{93995380-89BD-4b04-88EB-625FBE52EBFB}</UniqueIdentifier>
      <Extensions>h;hpp;hxx;hm;inl;inc;xsd</Extensions>
    </Filter>
    <Filter Include="CSM Files">
      <UniqueIdentifier>{67DA6AB6-F800-4c08-8B7A-83BB121AAD01}</UniqueIdentifier>
      <Extensions>rc;ico;cur;bmp;dlg;rc2;rct;bin;rgs;gif;jpg;jpeg;jpe;resx;tiff;tif;png;wav;mfcribbon-ms</Extensions>
    </Filter>
    <Filter Include="Trackball Files">
      <UniqueIdentifier>{4FC737F1-C7A5-4376-A066-2A32D752A2FF}</UniqueIdentifier>
      <Extensions>cpp;c;cc;cxx;def;odl;idl;hpj;bat;asm;asmx</Extensions>
    </Filter>
  </ItemGroup>
  <ItemGroup>
    <ClCompile Include="glmain.cpp">
      <Filter>GL FIles</Filter>
    </ClCompile>
    <ClCompile Include="..\..\..\Chain_ShapeMatching\CSM\CSM\rx_trackball.cpp">
      <Filter>Trackball Files</Filter>
    </ClCompile>
    <ClCompile Include="Chain_ShapeMathing.cpp">
      <Filter>CSM Files</Filter>
    </ClCompile>
  </ItemGroup>
  <ItemGroup>
    <ClInclude Include="..\..\..\Chain_ShapeMatching\CSM\CSM\rx_trackball.h">
      <Filter>Trackball Files</Filter>
    </ClInclude>
    <ClInclude Include="..\..\..\Chain_ShapeMatching\CSM\CSM\rx_nnsearch.h">
      <Filter>CSM Files</Filter>
    </ClInclude>
    <ClInclude Include="..\..\..\Chain_ShapeMatching\CSM\CSM\utils.h">
      <Filter>GL FIles</Filter>
    </ClInclude>
    <ClInclude Include="Chain_ShapeMathing.h">
      <Filter>CSM Files</Filter>
    </ClInclude>
  </ItemGroup>
</Project>