<?xml version="1.0" encoding="utf-8"?>
<Project ToolsVersion="4.0" xmlns="http://schemas.microsoft.com/developer/msbuild/2003">
  <ItemGroup>
    <Filter Include="GL Files">
      <UniqueIdentifier>{93995380-89BD-4b04-88EB-625FBE52EBFB}</UniqueIdentifier>
      <Extensions>h;hpp;hxx;hm;inl;inc;xsd</Extensions>
    </Filter>
    <Filter Include="Simulation Files">
      <UniqueIdentifier>{67DA6AB6-F800-4c08-8B7A-83BB121AAD01}</UniqueIdentifier>
      <Extensions>rc;ico;cur;bmp;dlg;rc2;rct;bin;rgs;gif;jpg;jpeg;jpe;resx;tiff;tif;png;wav;mfcribbon-ms</Extensions>
    </Filter>
    <Filter Include="Trackball Files">
      <UniqueIdentifier>{4FC737F1-C7A5-4376-A066-2A32D752A2FF}</UniqueIdentifier>
      <Extensions>cpp;c;cc;cxx;def;odl;idl;hpj;bat;asm;asmx</Extensions>
    </Filter>
    <Filter Include="PositionBase FIles">
      <UniqueIdentifier>{824c50f0-3e41-442b-bd81-af91c27b855c}</UniqueIdentifier>
    </Filter>
  </ItemGroup>
  <ItemGroup>
    <ClInclude Include="utils.h">
      <Filter>GL Files</Filter>
    </ClInclude>
    <ClInclude Include="rx_trackball.h">
      <Filter>Trackball Files</Filter>
    </ClInclude>
    <ClInclude Include="fluid_solver.h">
      <Filter>Simulation Files</Filter>
    </ClInclude>
    <ClInclude Include="string_simulation.h">
      <Filter>Simulation Files</Filter>
    </ClInclude>
    <ClInclude Include="CSM.h">
      <Filter>PositionBase FIles</Filter>
    </ClInclude>
  </ItemGroup>
  <ItemGroup>
    <ClCompile Include="rx_trackball.cpp">
      <Filter>Trackball Files</Filter>
    </ClCompile>
    <ClCompile Include="fluid_solver.cpp">
      <Filter>Simulation Files</Filter>
    </ClCompile>
    <ClCompile Include="glmain.cpp">
      <Filter>GL Files</Filter>
    </ClCompile>
    <ClCompile Include="string_simulation.cpp">
      <Filter>Simulation Files</Filter>
    </ClCompile>
    <ClCompile Include="CSM.cpp">
      <Filter>PositionBase FIles</Filter>
    </ClCompile>
  </ItemGroup>
</Project>