
Microsoft Visual Studio Solution File, Format Version 12.00
# Visual Studio 2012
Project("{8BC9CEB8-8B4A-11D0-8D11-00A0C91BC942}") = "CSMSimulation", "CSMSimulation\CSMSimulation.vcxproj", "{74832E2B-F7D2-4CB9-BAF6-7B725E46A0CA}"
EndProject
Global
	GlobalSection(SolutionConfigurationPlatforms) = preSolution
		Debug|Win32 = Debug|Win32
		Release|Win32 = Release|Win32
	EndGlobalSection
	GlobalSection(ProjectConfigurationPlatforms) = postSolution
		{74832E2B-F7D2-4CB9-BAF6-7B725E46A0CA}.Debug|Win32.ActiveCfg = Debug|Win32
		{74832E2B-F7D2-4CB9-BAF6-7B725E46A0CA}.Debug|Win32.Build.0 = Debug|Win32
		{74832E2B-F7D2-4CB9-BAF6-7B725E46A0CA}.Release|Win32.ActiveCfg = Release|Win32
		{74832E2B-F7D2-4CB9-BAF6-7B725E46A0CA}.Release|Win32.Build.0 = Release|Win32
	EndGlobalSection
	GlobalSection(SolutionProperties) = preSolution
		HideSolutionNode = FALSE
	EndGlobalSection
EndGlobal
