<?xml version="1.0" encoding="utf-8"?>
<Project ToolsVersion="4.0" xmlns="http://schemas.microsoft.com/developer/msbuild/2003">
  <ItemGroup>
    <Filter Include="GL Files">
      <UniqueIdentifier>{4FC737F1-C7A5-4376-A066-2A32D752A2FF}</UniqueIdentifier>
      <Extensions>cpp;c;cc;cxx;def;odl;idl;hpj;bat;asm;asmx</Extensions>
    </Filter>
    <Filter Include="Trackball Files">
      <UniqueIdentifier>{93995380-89BD-4b04-88EB-625FBE52EBFB}</UniqueIdentifier>
      <Extensions>h;hpp;hxx;hm;inl;inc;xsd</Extensions>
    </Filter>
    <Filter Include="Kite Files">
      <UniqueIdentifier>{91f4fd85-3f78-42f0-b3c6-fe004f80d0cf}</UniqueIdentifier>
    </Filter>
  </ItemGroup>
  <ItemGroup>
    <ClCompile Include="glmain.cpp">
      <Filter>GL Files</Filter>
    </ClCompile>
    <ClCompile Include="rx_kite.cpp">
      <Filter>Kite Files</Filter>
    </ClCompile>
    <ClCompile Include="rx_solver.cpp">
      <Filter>Kite Files</Filter>
    </ClCompile>
    <ClCompile Include="..\..\shared\inc\rx_trackball.cpp">
      <Filter>Trackball Files</Filter>
    </ClCompile>
  </ItemGroup>
  <ItemGroup>
    <ClInclude Include="..\..\..\common\shared\inc\rx_trackball.h">
      <Filter>Trackball Files</Filter>
    </ClInclude>
    <ClInclude Include="rx_kite.h">
      <Filter>Kite Files</Filter>
    </ClInclude>
    <ClInclude Include="rx_solver.h">
      <Filter>Kite Files</Filter>
    </ClInclude>
  </ItemGroup>
</Project>